
Microsoft Visual Studio Solution File, Format Version 12.00
# Visual Studio 15
VisualStudioVersion = 15.0.27004.2009
MinimumVisualStudioVersion = 10.0.40219.1
Project("{2150E333-8FDC-42A3-9474-1A3956D46DE8}") = ".nuget", ".nuget", "{DFA48E27-7D53-4955-A722-3D91A7119BE7}"
	ProjectSection(SolutionItems) = preProject
		.nuget\NuGet.Config = .nuget\NuGet.Config
		.nuget\NuGet.exe = .nuget\NuGet.exe
		.nuget\NuGet.targets = .nuget\NuGet.targets
	EndProjectSection
EndProject
Project("{FAE04EC0-301F-11D3-BF4B-00C04F79EFBC}") = "Imagine.BookManager.Core", "Imagine.BookManager.Core\Imagine.BookManager.Core.csproj", "{17298EA0-AF73-4F30-B6F1-2066100D7D74}"
EndProject
Project("{FAE04EC0-301F-11D3-BF4B-00C04F79EFBC}") = "Imagine.BookManager.Application", "Imagine.BookManager.Application\Imagine.BookManager.Application.csproj", "{EDF5D964-4C0F-4F19-B674-58A38A5E5401}"
EndProject
Project("{FAE04EC0-301F-11D3-BF4B-00C04F79EFBC}") = "Imagine.BookManager.EntityFramework", "Imagine.BookManager.EntityFramework\Imagine.BookManager.EntityFramework.csproj", "{3979F157-DEB0-4878-AB1D-4CEF6B5A1300}"
EndProject
Project("{FAE04EC0-301F-11D3-BF4B-00C04F79EFBC}") = "Imagine.BookManager.Web", "Imagine.BookManager.Web\Imagine.BookManager.Web.csproj", "{897F6FD8-6F90-48E4-95A5-B4429B896205}"
EndProject
Project("{FAE04EC0-301F-11D3-BF4B-00C04F79EFBC}") = "Imagine.BookManager.WebApi", "Imagine.BookManager.WebApi\Imagine.BookManager.WebApi.csproj", "{5EB52D3D-09FD-463A-B02A-8D9856BD3724}"
EndProject
Project("{FAE04EC0-301F-11D3-BF4B-00C04F79EFBC}") = "Imagine.BookManager.Application.Tests", "Test\Imagine.BookManager.Application.Tests\Imagine.BookManager.Application.Tests.csproj", "{A16ED72D-A6F7-464D-A7F6-98635C53394F}"
EndProject
Project("{FAE04EC0-301F-11D3-BF4B-00C04F79EFBC}") = "Imagine.BookManager.Common", "Imagine.BookManager.Common\Imagine.BookManager.Common.csproj", "{7F30C338-0536-471A-92BA-DEEB7F99AE23}"
EndProject
Project("{2150E333-8FDC-42A3-9474-1A3956D46DE8}") = "Tests", "Tests", "{F477B88B-815E-484B-B329-58FC29FAD0B0}"
EndProject
Project("{FAE04EC0-301F-11D3-BF4B-00C04F79EFBC}") = "Imagine.BookManager.Common.Tests", "Test\Imagine.BookManager.Common.Tests\Imagine.BookManager.Common.Tests.csproj", "{92FB12E9-36DA-4A82-84D7-9501E309D9AB}"
EndProject
Project("{FAE04EC0-301F-11D3-BF4B-00C04F79EFBC}") = "Imagine.BookManager.Dto", "Imagine.BookManager.Dto\Imagine.BookManager.Dto.csproj", "{5D430749-9526-48BB-9038-AD71922DB4AF}"
EndProject
Project("{FAE04EC0-301F-11D3-BF4B-00C04F79EFBC}") = "Imagine.BookManager.PaymentService", "Imagine.BookManager.PaymentService\Imagine.BookManager.PaymentService.csproj", "{9244CBC4-0FBB-4010-82EC-40338FB715D4}"
EndProject
Project("{FAE04EC0-301F-11D3-BF4B-00C04F79EFBC}") = "Imagine.BookManager.PaymentService.Tests", "Test\Imagine.BookManager.PaymentService.Tests\Imagine.BookManager.PaymentService.Tests.csproj", "{2E0E2556-A817-4E92-BE8B-0D50EBC0B9DA}"
EndProject
Global
	GlobalSection(SolutionConfigurationPlatforms) = preSolution
		Debug|Any CPU = Debug|Any CPU
		Release|Any CPU = Release|Any CPU
	EndGlobalSection
	GlobalSection(ProjectConfigurationPlatforms) = postSolution
		{17298EA0-AF73-4F30-B6F1-2066100D7D74}.Debug|Any CPU.ActiveCfg = Debug|Any CPU
		{17298EA0-AF73-4F30-B6F1-2066100D7D74}.Debug|Any CPU.Build.0 = Debug|Any CPU
		{17298EA0-AF73-4F30-B6F1-2066100D7D74}.Release|Any CPU.ActiveCfg = Release|Any CPU
		{17298EA0-AF73-4F30-B6F1-2066100D7D74}.Release|Any CPU.Build.0 = Release|Any CPU
		{EDF5D964-4C0F-4F19-B674-58A38A5E5401}.Debug|Any CPU.ActiveCfg = Debug|Any CPU
		{EDF5D964-4C0F-4F19-B674-58A38A5E5401}.Debug|Any CPU.Build.0 = Debug|Any CPU
		{EDF5D964-4C0F-4F19-B674-58A38A5E5401}.Release|Any CPU.ActiveCfg = Release|Any CPU
		{EDF5D964-4C0F-4F19-B674-58A38A5E5401}.Release|Any CPU.Build.0 = Release|Any CPU
		{3979F157-DEB0-4878-AB1D-4CEF6B5A1300}.Debug|Any CPU.ActiveCfg = Debug|Any CPU
		{3979F157-DEB0-4878-AB1D-4CEF6B5A1300}.Debug|Any CPU.Build.0 = Debug|Any CPU
		{3979F157-DEB0-4878-AB1D-4CEF6B5A1300}.Release|Any CPU.ActiveCfg = Release|Any CPU
		{3979F157-DEB0-4878-AB1D-4CEF6B5A1300}.Release|Any CPU.Build.0 = Release|Any CPU
		{897F6FD8-6F90-48E4-95A5-B4429B896205}.Debug|Any CPU.ActiveCfg = Debug|Any CPU
		{897F6FD8-6F90-48E4-95A5-B4429B896205}.Debug|Any CPU.Build.0 = Debug|Any CPU
		{897F6FD8-6F90-48E4-95A5-B4429B896205}.Release|Any CPU.ActiveCfg = Release|Any CPU
		{897F6FD8-6F90-48E4-95A5-B4429B896205}.Release|Any CPU.Build.0 = Release|Any CPU
		{5EB52D3D-09FD-463A-B02A-8D9856BD3724}.Debug|Any CPU.ActiveCfg = Debug|Any CPU
		{5EB52D3D-09FD-463A-B02A-8D9856BD3724}.Debug|Any CPU.Build.0 = Debug|Any CPU
		{5EB52D3D-09FD-463A-B02A-8D9856BD3724}.Release|Any CPU.ActiveCfg = Release|Any CPU
		{5EB52D3D-09FD-463A-B02A-8D9856BD3724}.Release|Any CPU.Build.0 = Release|Any CPU
		{A16ED72D-A6F7-464D-A7F6-98635C53394F}.Debug|Any CPU.ActiveCfg = Debug|Any CPU
		{A16ED72D-A6F7-464D-A7F6-98635C53394F}.Debug|Any CPU.Build.0 = Debug|Any CPU
		{A16ED72D-A6F7-464D-A7F6-98635C53394F}.Release|Any CPU.ActiveCfg = Release|Any CPU
		{A16ED72D-A6F7-464D-A7F6-98635C53394F}.Release|Any CPU.Build.0 = Release|Any CPU
		{7F30C338-0536-471A-92BA-DEEB7F99AE23}.Debug|Any CPU.ActiveCfg = Debug|Any CPU
		{7F30C338-0536-471A-92BA-DEEB7F99AE23}.Debug|Any CPU.Build.0 = Debug|Any CPU
		{7F30C338-0536-471A-92BA-DEEB7F99AE23}.Release|Any CPU.ActiveCfg = Release|Any CPU
		{7F30C338-0536-471A-92BA-DEEB7F99AE23}.Release|Any CPU.Build.0 = Release|Any CPU
		{92FB12E9-36DA-4A82-84D7-9501E309D9AB}.Debug|Any CPU.ActiveCfg = Debug|Any CPU
		{92FB12E9-36DA-4A82-84D7-9501E309D9AB}.Debug|Any CPU.Build.0 = Debug|Any CPU
		{92FB12E9-36DA-4A82-84D7-9501E309D9AB}.Release|Any CPU.ActiveCfg = Release|Any CPU
		{92FB12E9-36DA-4A82-84D7-9501E309D9AB}.Release|Any CPU.Build.0 = Release|Any CPU
		{5D430749-9526-48BB-9038-AD71922DB4AF}.Debug|Any CPU.ActiveCfg = Debug|Any CPU
		{5D430749-9526-48BB-9038-AD71922DB4AF}.Debug|Any CPU.Build.0 = Debug|Any CPU
		{5D430749-9526-48BB-9038-AD71922DB4AF}.Release|Any CPU.ActiveCfg = Release|Any CPU
		{5D430749-9526-48BB-9038-AD71922DB4AF}.Release|Any CPU.Build.0 = Release|Any CPU
		{9244CBC4-0FBB-4010-82EC-40338FB715D4}.Debug|Any CPU.ActiveCfg = Debug|Any CPU
		{9244CBC4-0FBB-4010-82EC-40338FB715D4}.Debug|Any CPU.Build.0 = Debug|Any CPU
		{9244CBC4-0FBB-4010-82EC-40338FB715D4}.Release|Any CPU.ActiveCfg = Release|Any CPU
		{9244CBC4-0FBB-4010-82EC-40338FB715D4}.Release|Any CPU.Build.0 = Release|Any CPU
		{2E0E2556-A817-4E92-BE8B-0D50EBC0B9DA}.Debug|Any CPU.ActiveCfg = Debug|Any CPU
		{2E0E2556-A817-4E92-BE8B-0D50EBC0B9DA}.Debug|Any CPU.Build.0 = Debug|Any CPU
		{2E0E2556-A817-4E92-BE8B-0D50EBC0B9DA}.Release|Any CPU.ActiveCfg = Release|Any CPU
		{2E0E2556-A817-4E92-BE8B-0D50EBC0B9DA}.Release|Any CPU.Build.0 = Release|Any CPU
	EndGlobalSection
	GlobalSection(SolutionProperties) = preSolution
		HideSolutionNode = FALSE
	EndGlobalSection
	GlobalSection(NestedProjects) = preSolution
		{A16ED72D-A6F7-464D-A7F6-98635C53394F} = {F477B88B-815E-484B-B329-58FC29FAD0B0}
		{92FB12E9-36DA-4A82-84D7-9501E309D9AB} = {F477B88B-815E-484B-B329-58FC29FAD0B0}
		{2E0E2556-A817-4E92-BE8B-0D50EBC0B9DA} = {F477B88B-815E-484B-B329-58FC29FAD0B0}
	EndGlobalSection
	GlobalSection(ExtensibilityGlobals) = postSolution
		SolutionGuid = {C0907D4C-33E9-4C31-8423-8CA2D8F844C0}
	EndGlobalSection
EndGlobal
